
Microsoft Visual Studio Solution File, Format Version 12.00
# Visual Studio Version 17
VisualStudioVersion = 17.9.34714.143
MinimumVisualStudioVersion = 10.0.40219.1
Project("{FAE04EC0-301F-11D3-BF4B-00C04F79EFBC}") = "SuperGamesApi", "SuperGamesApi\SuperGamesApi.csproj", "{0434D07B-6E35-4EF0-8E9B-3C3FB7BFB781}"
EndProject
Global
	GlobalSection(SolutionConfigurationPlatforms) = preSolution
		Debug|Any CPU = Debug|Any CPU
		Release|Any CPU = Release|Any CPU
	EndGlobalSection
	GlobalSection(ProjectConfigurationPlatforms) = postSolution
		{0434D07B-6E35-4EF0-8E9B-3C3FB7BFB781}.Debug|Any CPU.ActiveCfg = Debug|Any CPU
		{0434D07B-6E35-4EF0-8E9B-3C3FB7BFB781}.Debug|Any CPU.Build.0 = Debug|Any CPU
		{0434D07B-6E35-4EF0-8E9B-3C3FB7BFB781}.Release|Any CPU.ActiveCfg = Release|Any CPU
		{0434D07B-6E35-4EF0-8E9B-3C3FB7BFB781}.Release|Any CPU.Build.0 = Release|Any CPU
	EndGlobalSection
	GlobalSection(SolutionProperties) = preSolution
		HideSolutionNode = FALSE
	EndGlobalSection
	GlobalSection(ExtensibilityGlobals) = postSolution
		SolutionGuid = {8BBD36BB-76FD-4AB5-A6D7-D60D65F207C0}
	EndGlobalSection
EndGlobal
